
Microsoft Visual Studio Solution File, Format Version 12.00
# Visual Studio Version 16
VisualStudioVersion = 16.0.31624.102
MinimumVisualStudioVersion = 10.0.40219.1
Project("{FAE04EC0-301F-11D3-BF4B-00C04F79EFBC}") = "ToDoie", "ToDoie\ToDoie.csproj", "{B9249178-3E8C-4D00-BACC-82794C632935}"
EndProject
Global
	GlobalSection(SolutionConfigurationPlatforms) = preSolution
		Debug|Any CPU = Debug|Any CPU
		Release|Any CPU = Release|Any CPU
	EndGlobalSection
	GlobalSection(ProjectConfigurationPlatforms) = postSolution
		{B9249178-3E8C-4D00-BACC-82794C632935}.Debug|Any CPU.ActiveCfg = Debug|Any CPU
		{B9249178-3E8C-4D00-BACC-82794C632935}.Debug|Any CPU.Build.0 = Debug|Any CPU
		{B9249178-3E8C-4D00-BACC-82794C632935}.Release|Any CPU.ActiveCfg = Release|Any CPU
		{B9249178-3E8C-4D00-BACC-82794C632935}.Release|Any CPU.Build.0 = Release|Any CPU
	EndGlobalSection
	GlobalSection(SolutionProperties) = preSolution
		HideSolutionNode = FALSE
	EndGlobalSection
	GlobalSection(ExtensibilityGlobals) = postSolution
		SolutionGuid = {E483488E-53C1-478E-BF7F-0104D18B87CD}
	EndGlobalSection
EndGlobal
